
Microsoft Visual Studio Solution File, Format Version 12.00
# Visual Studio 2012
Project("{FAE04EC0-301F-11D3-BF4B-00C04F79EFBC}") = "ChineseChess", "ChineseChess\ChineseChess\ChineseChess.csproj", "{43E247E7-78CC-4AEB-A969-335F06D7713D}"
EndProject
Project("{96E2B04D-8817-42C6-938A-82C39BA4D311}") = "ChineseChessContent", "ChineseChess\ChineseChessContent\ChineseChessContent.contentproj", "{E059658F-10E9-4A31-AE15-6C298700AF70}"
EndProject
Global
	GlobalSection(SolutionConfigurationPlatforms) = preSolution
		Debug|Windows Phone = Debug|Windows Phone
		Release|Windows Phone = Release|Windows Phone
	EndGlobalSection
	GlobalSection(ProjectConfigurationPlatforms) = postSolution
		{43E247E7-78CC-4AEB-A969-335F06D7713D}.Debug|Windows Phone.ActiveCfg = Debug|Windows Phone
		{43E247E7-78CC-4AEB-A969-335F06D7713D}.Debug|Windows Phone.Build.0 = Debug|Windows Phone
		{43E247E7-78CC-4AEB-A969-335F06D7713D}.Debug|Windows Phone.Deploy.0 = Debug|Windows Phone
		{43E247E7-78CC-4AEB-A969-335F06D7713D}.Release|Windows Phone.ActiveCfg = Release|Windows Phone
		{43E247E7-78CC-4AEB-A969-335F06D7713D}.Release|Windows Phone.Build.0 = Release|Windows Phone
		{43E247E7-78CC-4AEB-A969-335F06D7713D}.Release|Windows Phone.Deploy.0 = Release|Windows Phone
		{E059658F-10E9-4A31-AE15-6C298700AF70}.Debug|Windows Phone.ActiveCfg = Debug|Windows Phone
		{E059658F-10E9-4A31-AE15-6C298700AF70}.Release|Windows Phone.ActiveCfg = Release|Windows Phone
	EndGlobalSection
	GlobalSection(SolutionProperties) = preSolution
		HideSolutionNode = FALSE
	EndGlobalSection
EndGlobal
